
Microsoft Visual Studio Solution File, Format Version 12.00
# Visual Studio Express 14 for Web
VisualStudioVersion = 14.0.25420.1
MinimumVisualStudioVersion = 10.0.40219.1
Project("{FAE04EC0-301F-11D3-BF4B-00C04F79EFBC}") = "bluepen.syncdojo.algorithms.domain", "bluepen.syncdojo.algorithms.domain\bluepen.syncdojo.algorithms.domain.csproj", "{9E9AB244-71D4-4BCD-8608-620AB2647D2A}"
EndProject
Project("{FAE04EC0-301F-11D3-BF4B-00C04F79EFBC}") = "bluepen.syncdojo.algorithms.units", "bluepen.syncdojo.algorithms.units\bluepen.syncdojo.algorithms.units.csproj", "{F5BAAE07-F8E9-4F83-B561-1C3D305835EC}"
EndProject
Global
	GlobalSection(SolutionConfigurationPlatforms) = preSolution
		Debug|Any CPU = Debug|Any CPU
		Release|Any CPU = Release|Any CPU
	EndGlobalSection
	GlobalSection(ProjectConfigurationPlatforms) = postSolution
		{9E9AB244-71D4-4BCD-8608-620AB2647D2A}.Debug|Any CPU.ActiveCfg = Debug|Any CPU
		{9E9AB244-71D4-4BCD-8608-620AB2647D2A}.Debug|Any CPU.Build.0 = Debug|Any CPU
		{9E9AB244-71D4-4BCD-8608-620AB2647D2A}.Release|Any CPU.ActiveCfg = Release|Any CPU
		{9E9AB244-71D4-4BCD-8608-620AB2647D2A}.Release|Any CPU.Build.0 = Release|Any CPU
		{F5BAAE07-F8E9-4F83-B561-1C3D305835EC}.Debug|Any CPU.ActiveCfg = Debug|Any CPU
		{F5BAAE07-F8E9-4F83-B561-1C3D305835EC}.Debug|Any CPU.Build.0 = Debug|Any CPU
		{F5BAAE07-F8E9-4F83-B561-1C3D305835EC}.Release|Any CPU.ActiveCfg = Release|Any CPU
		{F5BAAE07-F8E9-4F83-B561-1C3D305835EC}.Release|Any CPU.Build.0 = Release|Any CPU
	EndGlobalSection
	GlobalSection(SolutionProperties) = preSolution
		HideSolutionNode = FALSE
	EndGlobalSection
EndGlobal
